
Microsoft Visual Studio Solution File, Format Version 12.00
# Visual Studio Version 17
VisualStudioVersion = 17.8.34330.188
MinimumVisualStudioVersion = 10.0.40219.1
Project("{9A19103F-16F7-4668-BE54-9A1E7A4F7556}") = "Users", "Users.csproj", "{7D5FAA97-D930-4FEC-B30F-D893B25F2620}"
EndProject
Project("{54435603-DBB4-11D2-8724-00A0C9A8B90C}") = "BMC User", "BMC User\BMC User\BMC User.vdproj", "{5625EAE2-A10C-461A-92BF-2D5EF5BDC46C}"
EndProject
Global
	GlobalSection(SolutionConfigurationPlatforms) = preSolution
		Debug|Any CPU = Debug|Any CPU
		Release|Any CPU = Release|Any CPU
	EndGlobalSection
	GlobalSection(ProjectConfigurationPlatforms) = postSolution
		{7D5FAA97-D930-4FEC-B30F-D893B25F2620}.Debug|Any CPU.ActiveCfg = Debug|Any CPU
		{7D5FAA97-D930-4FEC-B30F-D893B25F2620}.Debug|Any CPU.Build.0 = Debug|Any CPU
		{7D5FAA97-D930-4FEC-B30F-D893B25F2620}.Release|Any CPU.ActiveCfg = Release|Any CPU
		{7D5FAA97-D930-4FEC-B30F-D893B25F2620}.Release|Any CPU.Build.0 = Release|Any CPU
		{5625EAE2-A10C-461A-92BF-2D5EF5BDC46C}.Debug|Any CPU.ActiveCfg = Debug
		{5625EAE2-A10C-461A-92BF-2D5EF5BDC46C}.Release|Any CPU.ActiveCfg = Release
	EndGlobalSection
	GlobalSection(SolutionProperties) = preSolution
		HideSolutionNode = FALSE
	EndGlobalSection
	GlobalSection(ExtensibilityGlobals) = postSolution
		SolutionGuid = {F508CFAB-3F25-4858-AA9A-C4E8144C5968}
	EndGlobalSection
EndGlobal
